
Microsoft Visual Studio Solution File, Format Version 12.00
Project("{FAE04EC0-301F-11D3-BF4B-00C04F79EFBC}") = "ArrayProject", "ArrayProject\ArrayProject.csproj", "{8A8C7C88-E2A6-49C0-945E-97506688224E}"
EndProject
Project("{FAE04EC0-301F-11D3-BF4B-00C04F79EFBC}") = "LinkedList", "LinkedList\LinkedList.csproj", "{AEBE6FAC-DF24-4A06-9FF4-120FFDA489A3}"
EndProject
Project("{FAE04EC0-301F-11D3-BF4B-00C04F79EFBC}") = "HashTable", "HashTable\HashTable.csproj", "{9D3C1D34-54AB-4AB1-95E4-913A26822E3C}"
EndProject
Project("{FAE04EC0-301F-11D3-BF4B-00C04F79EFBC}") = "String", "String\String.csproj", "{89124F2C-0950-4DBB-8D7E-CC858DD8B6D3}"
EndProject
Project("{FAE04EC0-301F-11D3-BF4B-00C04F79EFBC}") = "DoublePointer", "DoublePointer\DoublePointer.csproj", "{6592F18B-39E4-4C1F-8CB3-924AF5D91BE9}"
EndProject
Project("{FAE04EC0-301F-11D3-BF4B-00C04F79EFBC}") = "QueueStack", "QueueStack\QueueStack.csproj", "{07991855-A0D2-49E9-A00D-154F4F9664CE}"
EndProject
Project("{FAE04EC0-301F-11D3-BF4B-00C04F79EFBC}") = "BinaryTree", "BinaryTree\BinaryTree.csproj", "{F0301CE5-20FF-4CE1-BDAE-49F7551A47D6}"
EndProject
Project("{FAE04EC0-301F-11D3-BF4B-00C04F79EFBC}") = "Backtracking", "Backtracking\Backtracking.csproj", "{D1A9F54C-C416-4BA2-B647-D1A23475A845}"
EndProject
Project("{FAE04EC0-301F-11D3-BF4B-00C04F79EFBC}") = "Test", "Test\Test.csproj", "{D75C1194-0A56-4E3E-A72F-D84E73B8B5E9}"
EndProject
Project("{FAE04EC0-301F-11D3-BF4B-00C04F79EFBC}") = "Greedy", "Greedy\Greedy.csproj", "{CB42859C-17B6-428F-A73B-7BE237A0843A}"
EndProject
Project("{FAE04EC0-301F-11D3-BF4B-00C04F79EFBC}") = "Test7", "Test7\Test7.csproj", "{895F82A5-14CD-4C34-B982-C5FAAA0D36A2}"
EndProject
Project("{FAE04EC0-301F-11D3-BF4B-00C04F79EFBC}") = "DynamicPrograming", "DynamicPrograming\DynamicPrograming.csproj", "{2619150A-7FEB-4AF6-8553-FC71523BF978}"
EndProject
Project("{FAE04EC0-301F-11D3-BF4B-00C04F79EFBC}") = "OtherProject", "OtherProject\OtherProject.csproj", "{A223832F-9FEC-4027-8066-63FDB023CCE7}"
EndProject
Project("{FAE04EC0-301F-11D3-BF4B-00C04F79EFBC}") = "MonotonicStack", "MonotonicStack\MonotonicStack.csproj", "{2A8A7536-2AE2-467E-866E-3F6760297088}"
EndProject
Project("{FAE04EC0-301F-11D3-BF4B-00C04F79EFBC}") = "AndLookup", "AndLookup\AndLookup.csproj", "{9ECBD75B-F260-4EE3-9C0B-F612994DD63C}"
EndProject
Project("{FAE04EC0-301F-11D3-BF4B-00C04F79EFBC}") = "算法排序", "算法排序\算法排序.csproj", "{711BA0C1-E33E-46DB-AFD0-1783A41F982B}"
EndProject
Project("{FAE04EC0-301F-11D3-BF4B-00C04F79EFBC}") = "Graph", "Graph\Graph.csproj", "{A67F5520-3722-499B-BA43-28566C2A06B7}"
EndProject
Global
	GlobalSection(SolutionConfigurationPlatforms) = preSolution
		Debug|Any CPU = Debug|Any CPU
		Release|Any CPU = Release|Any CPU
	EndGlobalSection
	GlobalSection(ProjectConfigurationPlatforms) = postSolution
		{8A8C7C88-E2A6-49C0-945E-97506688224E}.Debug|Any CPU.ActiveCfg = Debug|Any CPU
		{8A8C7C88-E2A6-49C0-945E-97506688224E}.Debug|Any CPU.Build.0 = Debug|Any CPU
		{8A8C7C88-E2A6-49C0-945E-97506688224E}.Release|Any CPU.ActiveCfg = Release|Any CPU
		{8A8C7C88-E2A6-49C0-945E-97506688224E}.Release|Any CPU.Build.0 = Release|Any CPU
		{AEBE6FAC-DF24-4A06-9FF4-120FFDA489A3}.Debug|Any CPU.ActiveCfg = Debug|Any CPU
		{AEBE6FAC-DF24-4A06-9FF4-120FFDA489A3}.Debug|Any CPU.Build.0 = Debug|Any CPU
		{AEBE6FAC-DF24-4A06-9FF4-120FFDA489A3}.Release|Any CPU.ActiveCfg = Release|Any CPU
		{AEBE6FAC-DF24-4A06-9FF4-120FFDA489A3}.Release|Any CPU.Build.0 = Release|Any CPU
		{9D3C1D34-54AB-4AB1-95E4-913A26822E3C}.Debug|Any CPU.ActiveCfg = Debug|Any CPU
		{9D3C1D34-54AB-4AB1-95E4-913A26822E3C}.Debug|Any CPU.Build.0 = Debug|Any CPU
		{9D3C1D34-54AB-4AB1-95E4-913A26822E3C}.Release|Any CPU.ActiveCfg = Release|Any CPU
		{9D3C1D34-54AB-4AB1-95E4-913A26822E3C}.Release|Any CPU.Build.0 = Release|Any CPU
		{89124F2C-0950-4DBB-8D7E-CC858DD8B6D3}.Debug|Any CPU.ActiveCfg = Debug|Any CPU
		{89124F2C-0950-4DBB-8D7E-CC858DD8B6D3}.Debug|Any CPU.Build.0 = Debug|Any CPU
		{89124F2C-0950-4DBB-8D7E-CC858DD8B6D3}.Release|Any CPU.ActiveCfg = Release|Any CPU
		{89124F2C-0950-4DBB-8D7E-CC858DD8B6D3}.Release|Any CPU.Build.0 = Release|Any CPU
		{6592F18B-39E4-4C1F-8CB3-924AF5D91BE9}.Debug|Any CPU.ActiveCfg = Debug|Any CPU
		{6592F18B-39E4-4C1F-8CB3-924AF5D91BE9}.Debug|Any CPU.Build.0 = Debug|Any CPU
		{6592F18B-39E4-4C1F-8CB3-924AF5D91BE9}.Release|Any CPU.ActiveCfg = Release|Any CPU
		{6592F18B-39E4-4C1F-8CB3-924AF5D91BE9}.Release|Any CPU.Build.0 = Release|Any CPU
		{07991855-A0D2-49E9-A00D-154F4F9664CE}.Debug|Any CPU.ActiveCfg = Debug|Any CPU
		{07991855-A0D2-49E9-A00D-154F4F9664CE}.Debug|Any CPU.Build.0 = Debug|Any CPU
		{07991855-A0D2-49E9-A00D-154F4F9664CE}.Release|Any CPU.ActiveCfg = Release|Any CPU
		{07991855-A0D2-49E9-A00D-154F4F9664CE}.Release|Any CPU.Build.0 = Release|Any CPU
		{F0301CE5-20FF-4CE1-BDAE-49F7551A47D6}.Debug|Any CPU.ActiveCfg = Debug|Any CPU
		{F0301CE5-20FF-4CE1-BDAE-49F7551A47D6}.Debug|Any CPU.Build.0 = Debug|Any CPU
		{F0301CE5-20FF-4CE1-BDAE-49F7551A47D6}.Release|Any CPU.ActiveCfg = Release|Any CPU
		{F0301CE5-20FF-4CE1-BDAE-49F7551A47D6}.Release|Any CPU.Build.0 = Release|Any CPU
		{D1A9F54C-C416-4BA2-B647-D1A23475A845}.Debug|Any CPU.ActiveCfg = Debug|Any CPU
		{D1A9F54C-C416-4BA2-B647-D1A23475A845}.Debug|Any CPU.Build.0 = Debug|Any CPU
		{D1A9F54C-C416-4BA2-B647-D1A23475A845}.Release|Any CPU.ActiveCfg = Release|Any CPU
		{D1A9F54C-C416-4BA2-B647-D1A23475A845}.Release|Any CPU.Build.0 = Release|Any CPU
		{D75C1194-0A56-4E3E-A72F-D84E73B8B5E9}.Debug|Any CPU.ActiveCfg = Debug|Any CPU
		{D75C1194-0A56-4E3E-A72F-D84E73B8B5E9}.Debug|Any CPU.Build.0 = Debug|Any CPU
		{D75C1194-0A56-4E3E-A72F-D84E73B8B5E9}.Release|Any CPU.ActiveCfg = Release|Any CPU
		{D75C1194-0A56-4E3E-A72F-D84E73B8B5E9}.Release|Any CPU.Build.0 = Release|Any CPU
		{CB42859C-17B6-428F-A73B-7BE237A0843A}.Debug|Any CPU.ActiveCfg = Debug|Any CPU
		{CB42859C-17B6-428F-A73B-7BE237A0843A}.Debug|Any CPU.Build.0 = Debug|Any CPU
		{CB42859C-17B6-428F-A73B-7BE237A0843A}.Release|Any CPU.ActiveCfg = Release|Any CPU
		{CB42859C-17B6-428F-A73B-7BE237A0843A}.Release|Any CPU.Build.0 = Release|Any CPU
		{895F82A5-14CD-4C34-B982-C5FAAA0D36A2}.Debug|Any CPU.ActiveCfg = Debug|Any CPU
		{895F82A5-14CD-4C34-B982-C5FAAA0D36A2}.Debug|Any CPU.Build.0 = Debug|Any CPU
		{895F82A5-14CD-4C34-B982-C5FAAA0D36A2}.Release|Any CPU.ActiveCfg = Release|Any CPU
		{895F82A5-14CD-4C34-B982-C5FAAA0D36A2}.Release|Any CPU.Build.0 = Release|Any CPU
		{2619150A-7FEB-4AF6-8553-FC71523BF978}.Debug|Any CPU.ActiveCfg = Debug|Any CPU
		{2619150A-7FEB-4AF6-8553-FC71523BF978}.Debug|Any CPU.Build.0 = Debug|Any CPU
		{2619150A-7FEB-4AF6-8553-FC71523BF978}.Release|Any CPU.ActiveCfg = Release|Any CPU
		{2619150A-7FEB-4AF6-8553-FC71523BF978}.Release|Any CPU.Build.0 = Release|Any CPU
		{A223832F-9FEC-4027-8066-63FDB023CCE7}.Debug|Any CPU.ActiveCfg = Debug|Any CPU
		{A223832F-9FEC-4027-8066-63FDB023CCE7}.Debug|Any CPU.Build.0 = Debug|Any CPU
		{A223832F-9FEC-4027-8066-63FDB023CCE7}.Release|Any CPU.ActiveCfg = Release|Any CPU
		{A223832F-9FEC-4027-8066-63FDB023CCE7}.Release|Any CPU.Build.0 = Release|Any CPU
		{2A8A7536-2AE2-467E-866E-3F6760297088}.Debug|Any CPU.ActiveCfg = Debug|Any CPU
		{2A8A7536-2AE2-467E-866E-3F6760297088}.Debug|Any CPU.Build.0 = Debug|Any CPU
		{2A8A7536-2AE2-467E-866E-3F6760297088}.Release|Any CPU.ActiveCfg = Release|Any CPU
		{2A8A7536-2AE2-467E-866E-3F6760297088}.Release|Any CPU.Build.0 = Release|Any CPU
		{9ECBD75B-F260-4EE3-9C0B-F612994DD63C}.Debug|Any CPU.ActiveCfg = Debug|Any CPU
		{9ECBD75B-F260-4EE3-9C0B-F612994DD63C}.Debug|Any CPU.Build.0 = Debug|Any CPU
		{9ECBD75B-F260-4EE3-9C0B-F612994DD63C}.Release|Any CPU.ActiveCfg = Release|Any CPU
		{9ECBD75B-F260-4EE3-9C0B-F612994DD63C}.Release|Any CPU.Build.0 = Release|Any CPU
		{711BA0C1-E33E-46DB-AFD0-1783A41F982B}.Debug|Any CPU.ActiveCfg = Debug|Any CPU
		{711BA0C1-E33E-46DB-AFD0-1783A41F982B}.Debug|Any CPU.Build.0 = Debug|Any CPU
		{711BA0C1-E33E-46DB-AFD0-1783A41F982B}.Release|Any CPU.ActiveCfg = Release|Any CPU
		{711BA0C1-E33E-46DB-AFD0-1783A41F982B}.Release|Any CPU.Build.0 = Release|Any CPU
		{A67F5520-3722-499B-BA43-28566C2A06B7}.Debug|Any CPU.ActiveCfg = Debug|Any CPU
		{A67F5520-3722-499B-BA43-28566C2A06B7}.Debug|Any CPU.Build.0 = Debug|Any CPU
		{A67F5520-3722-499B-BA43-28566C2A06B7}.Release|Any CPU.ActiveCfg = Release|Any CPU
		{A67F5520-3722-499B-BA43-28566C2A06B7}.Release|Any CPU.Build.0 = Release|Any CPU
	EndGlobalSection
EndGlobal
